<?xml version="1.0" encoding="UTF-8"?>
<CONFIG>
  <ProjectOptions>
    <Version Value="10"/>
    <General>
      <SessionStorage Value="InProjectDir"/>
      <MainUnit Value="0"/>
      <Title Value="classman"/>
      <ResourceType Value="res"/>
      <UseXPManifest Value="True"/>
      <Icon Value="0"/>
    </General>
    <i18n>
      <EnableI18N Value="True" LFM="False"/>
    </i18n>
    <BuildModes Count="3">
      <Item1 Name="Default" Default="True"/>
      <Item2 Name="Debug">
        <CompilerOptions>
          <Version Value="11"/>
          <Target>
            <Filename Value="classman"/>
          </Target>
          <SearchPaths>
            <IncludeFiles Value="$(ProjOutDir)"/>
            <UnitOutputDirectory Value="lib/$(TargetCPU)-$(TargetOS)"/>
          </SearchPaths>
          <Parsing>
            <SyntaxOptions>
              <IncludeAssertionCode Value="True"/>
            </SyntaxOptions>
          </Parsing>
          <CodeGeneration>
            <Checks>
              <IOChecks Value="True"/>
              <RangeChecks Value="True"/>
              <OverflowChecks Value="True"/>
              <StackChecks Value="True"/>
            </Checks>
            <VerifyObjMethodCallValidity Value="True"/>
          </CodeGeneration>
          <Linking>
            <Debugging>
              <DebugInfoType Value="dsDwarf2Set"/>
              <UseHeaptrc Value="True"/>
              <TrashVariables Value="True"/>
              <UseExternalDbgSyms Value="True"/>
            </Debugging>
          </Linking>
        </CompilerOptions>
      </Item2>
      <Item3 Name="Release">
        <CompilerOptions>
          <Version Value="11"/>
          <Target>
            <Filename Value="classman"/>
          </Target>
          <SearchPaths>
            <IncludeFiles Value="$(ProjOutDir)"/>
            <UnitOutputDirectory Value="lib/$(TargetCPU)-$(TargetOS)"/>
          </SearchPaths>
          <CodeGeneration>
            <SmartLinkUnit Value="True"/>
            <Optimizations>
              <OptimizationLevel Value="3"/>
            </Optimizations>
          </CodeGeneration>
          <Linking>
            <Debugging>
              <GenerateDebugInfo Value="False"/>
            </Debugging>
            <LinkSmart Value="True"/>
            <Options>
              <Win32>
                <GraphicApplication Value="True"/>
              </Win32>
            </Options>
          </Linking>
        </CompilerOptions>
      </Item3>
    </BuildModes>
    <PublishOptions>
      <Version Value="2"/>
    </PublishOptions>
    <RunParams>
      <local>
        <FormatVersion Value="1"/>
      </local>
    </RunParams>
    <RequiredPackages Count="12">
      <Item1>
        <PackageName Value="RunTimeTypeInfoControls"/>
      </Item1>
      <Item2>
        <PackageName Value="laz_visualplanit_zeos_design"/>
      </Item2>
      <Item3>
        <PackageName Value="laz_visualplanit"/>
      </Item3>
      <Item4>
        <PackageName Value="JvJansLazR"/>
      </Item4>
      <Item5>
        <PackageName Value="sqlite3laz"/>
      </Item5>
      <Item6>
        <PackageName Value="DateTimeCtrls"/>
      </Item6>
      <Item7>
        <PackageName Value="LazControls"/>
      </Item7>
      <Item8>
        <PackageName Value="rx_sort_zeos"/>
      </Item8>
      <Item9>
        <PackageName Value="zcomponent"/>
      </Item9>
      <Item10>
        <PackageName Value="rxnew"/>
      </Item10>
      <Item11>
        <PackageName Value="FCL"/>
      </Item11>
      <Item12>
        <PackageName Value="LCL"/>
      </Item12>
    </RequiredPackages>
    <Units Count="9">
      <Unit0>
        <Filename Value="classman.lpr"/>
        <IsPartOfProject Value="True"/>
      </Unit0>
      <Unit1>
        <Filename Value="umain.pas"/>
        <IsPartOfProject Value="True"/>
        <ComponentName Value="Main"/>
        <HasResources Value="True"/>
        <ResourceBaseClass Value="Form"/>
        <UnitName Value="uMain"/>
      </Unit1>
      <Unit2>
        <Filename Value="uframecourses.pas"/>
        <IsPartOfProject Value="True"/>
        <ComponentName Value="FrameCourses"/>
        <HasResources Value="True"/>
        <ResourceBaseClass Value="Frame"/>
        <UnitName Value="uFrameCourses"/>
      </Unit2>
      <Unit3>
        <Filename Value="udata.pas"/>
        <IsPartOfProject Value="True"/>
        <ComponentName Value="Data"/>
        <HasResources Value="True"/>
        <ResourceBaseClass Value="DataModule"/>
        <UnitName Value="uData"/>
      </Unit3>
      <Unit4>
        <Filename Value="uframeschedule.pas"/>
        <IsPartOfProject Value="True"/>
        <ComponentName Value="FrameSchedule"/>
        <HasResources Value="True"/>
        <ResourceBaseClass Value="Frame"/>
        <UnitName Value="uFrameSchedule"/>
      </Unit4>
      <Unit5>
        <Filename Value="uschedform.pas"/>
        <IsPartOfProject Value="True"/>
        <ComponentName Value="SchedForm"/>
        <HasResources Value="True"/>
        <ResourceBaseClass Value="Form"/>
        <UnitName Value="uSchedForm"/>
      </Unit5>
      <Unit6>
        <Filename Value="uplanform.pas"/>
        <IsPartOfProject Value="True"/>
        <ComponentName Value="PlanForm"/>
        <HasResources Value="True"/>
        <ResourceBaseClass Value="Form"/>
        <UnitName Value="uPlanForm"/>
      </Unit6>
      <Unit7>
        <Filename Value="uframesubjects.pas"/>
        <IsPartOfProject Value="True"/>
        <ComponentName Value="FrameSubjects"/>
        <HasResources Value="True"/>
        <ResourceBaseClass Value="Frame"/>
        <UnitName Value="uFrameSubjects"/>
      </Unit7>
      <Unit8>
        <Filename Value="uframeevaluation.pas"/>
        <IsPartOfProject Value="True"/>
        <ComponentName Value="FrameEvaluation"/>
        <HasResources Value="True"/>
        <ResourceBaseClass Value="Frame"/>
        <UnitName Value="uFrameEvaluation"/>
      </Unit8>
    </Units>
  </ProjectOptions>
  <CompilerOptions>
    <Version Value="11"/>
    <Target>
      <Filename Value="classman"/>
    </Target>
    <SearchPaths>
      <IncludeFiles Value="$(ProjOutDir)"/>
      <UnitOutputDirectory Value="lib/$(TargetCPU)-$(TargetOS)"/>
    </SearchPaths>
  </CompilerOptions>
  <Debugging>
    <Exceptions Count="3">
      <Item1>
        <Name Value="EAbort"/>
      </Item1>
      <Item2>
        <Name Value="ECodetoolError"/>
      </Item2>
      <Item3>
        <Name Value="EFOpenError"/>
      </Item3>
    </Exceptions>
  </Debugging>
</CONFIG>
